PODS:
  - BIJKPlayer (0.7.15)
  - camera_with_rtmp (0.0.1):
    - Flutter
    - HaishinKit (~> 1.0.10)
  - fijkplayer (0.8.8):
    - BIJKPlayer (~> 0.7.10)
    - Flutter
  - Flutter (1.0.0)
  - flutter_live (0.0.1):
    - Flutter
  - flutter_webrtc (0.2.2):
    - Flutter
    - GoogleWebRTC (= 1.1.31999)
    - Libyuv (= 1703)
  - GoogleWebRTC (1.1.31999)
  - HaishinKit (1.0.13):
    - Logboard (~> 2.1.3)
  - Libyuv (1703)
  - Logboard (2.1.3)
  - package_info (0.0.1):
    - Flutter
  - path_provider (0.0.1):
    - Flutter
  - shared_preferences (0.0.1):
    - Flutter
  - url_launcher (0.0.1):
    - Flutter

DEPENDENCIES:
  - camera_with_rtmp (from `.symlinks/plugins/camera_with_rtmp/ios`)
  - fijkplayer (from `.symlinks/plugins/fijkplayer/ios`)
  - Flutter (from `Flutter`)
  - flutter_live (from `.symlinks/plugins/flutter_live/ios`)
  - flutter_webrtc (from `.symlinks/plugins/flutter_webrtc/ios`)
  - package_info (from `.symlinks/plugins/package_info/ios`)
  - path_provider (from `.symlinks/plugins/path_provider/ios`)
  - shared_preferences (from `.symlinks/plugins/shared_preferences/ios`)
  - url_launcher (from `.symlinks/plugins/url_launcher/ios`)

SPEC REPOS:
  trunk:
    - BIJKPlayer
    - GoogleWebRTC
    - HaishinKit
    - Libyuv
    - Logboard

EXTERNAL SOURCES:
  camera_with_rtmp:
    :path: ".symlinks/plugins/camera_with_rtmp/ios"
  fijkplayer:
    :path: ".symlinks/plugins/fijkplayer/ios"
  Flutter:
    :path: Flutter
  flutter_live:
    :path: ".symlinks/plugins/flutter_live/ios"
  flutter_webrtc:
    :path: ".symlinks/plugins/flutter_webrtc/ios"
  package_info:
    :path: ".symlinks/plugins/package_info/ios"
  path_provider:
    :path: ".symlinks/plugins/path_provider/ios"
  shared_preferences:
    :path: ".symlinks/plugins/shared_preferences/ios"
  url_launcher:
    :path: ".symlinks/plugins/url_launcher/ios"

SPEC CHECKSUMS:
  BIJKPlayer: 37fd8033360eedfb1afc3658e14fbf5a25ace540
  camera_with_rtmp: 606d566f89a21f1fed15ffda99cb247304beccd4
  fijkplayer: 0d3793a2822d030ef5bba77f904bff1f7a91a115
  Flutter: 434fef37c0980e73bb6479ef766c45957d4b510c
  flutter_live: efecc5d284c5a3721d436eebd5ea4322eef31a08
  flutter_webrtc: 39898454258b54ba51996850d5da8d5d53bf1524
  GoogleWebRTC: b39a78c4f5cc6b0323415b9233db03a2faa7b0f0
  HaishinKit: d1786896ace24065d466bde02356c5352ac001b0
  Libyuv: 5f79ced0ee66e60a612ca97de1e6ccacd187a437
  Logboard: e74ec2d9941abd22f4db3a3ddcd0735011df92c7
  package_info: 873975fc26034f0b863a300ad47e7f1ac6c7ec62
  path_provider: abfe2b5c733d04e238b0d8691db0cfd63a27a93c
  shared_preferences: af6bfa751691cdc24be3045c43ec037377ada40d
  url_launcher: 6fef411d543ceb26efce54b05a0a40bfd74cbbef

PODFILE CHECKSUM: fe0e1ee7f3d1f7d00b11b474b62dd62134535aea

COCOAPODS: 1.10.2
