PODS:
  - Flutter (1.0.0)
  - flutter_live (0.0.1):
    - Flutter

DEPENDENCIES:
  - Flutter (from `Flutter`)
  - flutter_live (from `.symlinks/plugins/flutter_live/ios`)

EXTERNAL SOURCES:
  Flutter:
    :path: Flutter
  flutter_live:
    :path: ".symlinks/plugins/flutter_live/ios"

SPEC CHECKSUMS:
  Flutter: 0e3d915762c693b495b44d77113d4970485de6ec
  flutter_live: efecc5d284c5a3721d436eebd5ea4322eef31a08

PODFILE CHECKSUM: aafe91acc616949ddb318b77800a7f51bffa2a4c

COCOAPODS: 1.9.3
